
Microsoft Visual Studio Solution File, Format Version 12.00
# Visual Studio Version 17
VisualStudioVersion = 17.12.35707.178 d17.12
MinimumVisualStudioVersion = 10.0.40219.1
Project("{FAE04EC0-301F-11D3-BF4B-00C04F79EFBC}") = "Restaurant.WebApi", "Restaurant.WebApi\Restaurant.WebApi.csproj", "{455018D4-F688-49B1-919E-7144019040E9}"
EndProject
Project("{FAE04EC0-301F-11D3-BF4B-00C04F79EFBC}") = "Restaurant.Domain", "Restaurant.Domain\Restaurant.Domain.csproj", "{72061DF0-A10B-4C80-909C-E03AAE65E05B}"
EndProject
Project("{FAE04EC0-301F-11D3-BF4B-00C04F79EFBC}") = "Restaurant.Application", "Restaurant.Application\Restaurant.Application.csproj", "{184E051E-3983-4511-9C6F-84E7A4D8551A}"
EndProject
Project("{FAE04EC0-301F-11D3-BF4B-00C04F79EFBC}") = "Restaurant.Persistence", "Restaurant.Persistence\Restaurant.Persistence.csproj", "{97FA769E-7F78-4C7A-8335-EA12A0003E8F}"
EndProject
Global
	GlobalSection(SolutionConfigurationPlatforms) = preSolution
		Debug|Any CPU = Debug|Any CPU
		Release|Any CPU = Release|Any CPU
	EndGlobalSection
	GlobalSection(ProjectConfigurationPlatforms) = postSolution
		{455018D4-F688-49B1-919E-7144019040E9}.Debug|Any CPU.ActiveCfg = Debug|Any CPU
		{455018D4-F688-49B1-919E-7144019040E9}.Debug|Any CPU.Build.0 = Debug|Any CPU
		{455018D4-F688-49B1-919E-7144019040E9}.Release|Any CPU.ActiveCfg = Release|Any CPU
		{455018D4-F688-49B1-919E-7144019040E9}.Release|Any CPU.Build.0 = Release|Any CPU
		{72061DF0-A10B-4C80-909C-E03AAE65E05B}.Debug|Any CPU.ActiveCfg = Debug|Any CPU
		{72061DF0-A10B-4C80-909C-E03AAE65E05B}.Debug|Any CPU.Build.0 = Debug|Any CPU
		{72061DF0-A10B-4C80-909C-E03AAE65E05B}.Release|Any CPU.ActiveCfg = Release|Any CPU
		{72061DF0-A10B-4C80-909C-E03AAE65E05B}.Release|Any CPU.Build.0 = Release|Any CPU
		{184E051E-3983-4511-9C6F-84E7A4D8551A}.Debug|Any CPU.ActiveCfg = Debug|Any CPU
		{184E051E-3983-4511-9C6F-84E7A4D8551A}.Debug|Any CPU.Build.0 = Debug|Any CPU
		{184E051E-3983-4511-9C6F-84E7A4D8551A}.Release|Any CPU.ActiveCfg = Release|Any CPU
		{184E051E-3983-4511-9C6F-84E7A4D8551A}.Release|Any CPU.Build.0 = Release|Any CPU
		{97FA769E-7F78-4C7A-8335-EA12A0003E8F}.Debug|Any CPU.ActiveCfg = Debug|Any CPU
		{97FA769E-7F78-4C7A-8335-EA12A0003E8F}.Debug|Any CPU.Build.0 = Debug|Any CPU
		{97FA769E-7F78-4C7A-8335-EA12A0003E8F}.Release|Any CPU.ActiveCfg = Release|Any CPU
		{97FA769E-7F78-4C7A-8335-EA12A0003E8F}.Release|Any CPU.Build.0 = Release|Any CPU
	EndGlobalSection
	GlobalSection(SolutionProperties) = preSolution
		HideSolutionNode = FALSE
	EndGlobalSection
EndGlobal
